
Microsoft Visual Studio Solution File, Format Version 12.00
# Visual Studio Version 17
VisualStudioVersion = 17.11.35327.3
MinimumVisualStudioVersion = 10.0.40219.1
Project("{FAE04EC0-301F-11D3-BF4B-00C04F79EFBC}") = "Money", "Money.csproj", "{FBC5E034-FDE9-43EA-82A1-456CD26B81DB}"
EndProject
Global
	GlobalSection(SolutionConfigurationPlatforms) = preSolution
		Debug|Any CPU = Debug|Any CPU
		Release|Any CPU = Release|Any CPU
	EndGlobalSection
	GlobalSection(ProjectConfigurationPlatforms) = postSolution
		{FBC5E034-FDE9-43EA-82A1-456CD26B81DB}.Debug|Any CPU.ActiveCfg = Debug|Any CPU
		{FBC5E034-FDE9-43EA-82A1-456CD26B81DB}.Debug|Any CPU.Build.0 = Debug|Any CPU
		{FBC5E034-FDE9-43EA-82A1-456CD26B81DB}.Release|Any CPU.ActiveCfg = Release|Any CPU
		{FBC5E034-FDE9-43EA-82A1-456CD26B81DB}.Release|Any CPU.Build.0 = Release|Any CPU
	EndGlobalSection
	GlobalSection(SolutionProperties) = preSolution
		HideSolutionNode = FALSE
	EndGlobalSection
	GlobalSection(ExtensibilityGlobals) = postSolution
		SolutionGuid = {6B307AF7-0D06-48B8-8B70-8929CC51777A}
	EndGlobalSection
EndGlobal
